
Microsoft Visual Studio Solution File, Format Version 12.00
# Visual Studio 2013
VisualStudioVersion = 12.0.31101.0
MinimumVisualStudioVersion = 10.0.40219.1
Project("{2150E333-8FDC-42A3-9474-1A3956D46DE8}") = "1. Presentation", "1. Presentation", "{20482267-046E-4C73-92EE-90FD661AB3EC}"
EndProject
Project("{2150E333-8FDC-42A3-9474-1A3956D46DE8}") = "2. Bussiness", "2. Bussiness", "{DA75FEF0-C431-4EFD-91E5-A605BDC1DC66}"
EndProject
Project("{2150E333-8FDC-42A3-9474-1A3956D46DE8}") = "3. DataAccess", "3. DataAccess", "{8C479DA2-EEEB-45F4-AF56-B4038FA81AFA}"
EndProject
Project("{2150E333-8FDC-42A3-9474-1A3956D46DE8}") = "4. Utilities", "4. Utilities", "{50115EF1-2DA0-4992-BD3A-EC1B216D1FD7}"
EndProject
Project("{FAE04EC0-301F-11D3-BF4B-00C04F79EFBC}") = "PS.Bussiness.Entities", "PS.Bussiness.Entities\PS.Bussiness.Entities.csproj", "{D252BA8D-E4B7-48AE-A972-24F1AD4A8740}"
EndProject
Project("{FAE04EC0-301F-11D3-BF4B-00C04F79EFBC}") = "PS.Bussiness.Managers", "PS.Bussiness.Managers\PS.Bussiness.Managers.csproj", "{85CDFF41-8EDD-4245-A904-00ABEC7CE46E}"
EndProject
Project("{FAE04EC0-301F-11D3-BF4B-00C04F79EFBC}") = "PS.Utilities", "PS.Utilities\PS.Utilities.csproj", "{4202B093-058E-49A0-B4FC-2B87858601EB}"
EndProject
Project("{FAE04EC0-301F-11D3-BF4B-00C04F79EFBC}") = "PS.TestClient", "PS.TestClient\PS.TestClient.csproj", "{C5F896A8-5171-459A-8940-77708F97F167}"
EndProject
Project("{FAE04EC0-301F-11D3-BF4B-00C04F79EFBC}") = "PS.DataAccess", "PS.DataAccess\PS.DataAccess.csproj", "{D3323A25-46B9-434F-8868-517BE9726B24}"
EndProject
Project("{FAE04EC0-301F-11D3-BF4B-00C04F79EFBC}") = "PS.WebApi", "PS.WebApi\PS.WebApi.csproj", "{9A2374B9-443C-4B19-BC82-ED611BFCDD9E}"
EndProject
Project("{FAE04EC0-301F-11D3-BF4B-00C04F79EFBC}") = "PS.WebApi.Tests", "PS.WebApi.Tests\PS.WebApi.Tests.csproj", "{E31395D5-A624-4582-888B-886262A96D8C}"
EndProject
Global
	GlobalSection(SolutionConfigurationPlatforms) = preSolution
		Debug|Any CPU = Debug|Any CPU
		Release|Any CPU = Release|Any CPU
	EndGlobalSection
	GlobalSection(ProjectConfigurationPlatforms) = postSolution
		{D252BA8D-E4B7-48AE-A972-24F1AD4A8740}.Debug|Any CPU.ActiveCfg = Debug|Any CPU
		{D252BA8D-E4B7-48AE-A972-24F1AD4A8740}.Debug|Any CPU.Build.0 = Debug|Any CPU
		{D252BA8D-E4B7-48AE-A972-24F1AD4A8740}.Release|Any CPU.ActiveCfg = Release|Any CPU
		{D252BA8D-E4B7-48AE-A972-24F1AD4A8740}.Release|Any CPU.Build.0 = Release|Any CPU
		{85CDFF41-8EDD-4245-A904-00ABEC7CE46E}.Debug|Any CPU.ActiveCfg = Debug|Any CPU
		{85CDFF41-8EDD-4245-A904-00ABEC7CE46E}.Debug|Any CPU.Build.0 = Debug|Any CPU
		{85CDFF41-8EDD-4245-A904-00ABEC7CE46E}.Release|Any CPU.ActiveCfg = Release|Any CPU
		{85CDFF41-8EDD-4245-A904-00ABEC7CE46E}.Release|Any CPU.Build.0 = Release|Any CPU
		{4202B093-058E-49A0-B4FC-2B87858601EB}.Debug|Any CPU.ActiveCfg = Debug|Any CPU
		{4202B093-058E-49A0-B4FC-2B87858601EB}.Debug|Any CPU.Build.0 = Debug|Any CPU
		{4202B093-058E-49A0-B4FC-2B87858601EB}.Release|Any CPU.ActiveCfg = Release|Any CPU
		{4202B093-058E-49A0-B4FC-2B87858601EB}.Release|Any CPU.Build.0 = Release|Any CPU
		{C5F896A8-5171-459A-8940-77708F97F167}.Debug|Any CPU.ActiveCfg = Debug|Any CPU
		{C5F896A8-5171-459A-8940-77708F97F167}.Debug|Any CPU.Build.0 = Debug|Any CPU
		{C5F896A8-5171-459A-8940-77708F97F167}.Release|Any CPU.ActiveCfg = Release|Any CPU
		{C5F896A8-5171-459A-8940-77708F97F167}.Release|Any CPU.Build.0 = Release|Any CPU
		{D3323A25-46B9-434F-8868-517BE9726B24}.Debug|Any CPU.ActiveCfg = Debug|Any CPU
		{D3323A25-46B9-434F-8868-517BE9726B24}.Debug|Any CPU.Build.0 = Debug|Any CPU
		{D3323A25-46B9-434F-8868-517BE9726B24}.Release|Any CPU.ActiveCfg = Release|Any CPU
		{D3323A25-46B9-434F-8868-517BE9726B24}.Release|Any CPU.Build.0 = Release|Any CPU
		{9A2374B9-443C-4B19-BC82-ED611BFCDD9E}.Debug|Any CPU.ActiveCfg = Debug|Any CPU
		{9A2374B9-443C-4B19-BC82-ED611BFCDD9E}.Debug|Any CPU.Build.0 = Debug|Any CPU
		{9A2374B9-443C-4B19-BC82-ED611BFCDD9E}.Release|Any CPU.ActiveCfg = Release|Any CPU
		{9A2374B9-443C-4B19-BC82-ED611BFCDD9E}.Release|Any CPU.Build.0 = Release|Any CPU
		{E31395D5-A624-4582-888B-886262A96D8C}.Debug|Any CPU.ActiveCfg = Debug|Any CPU
		{E31395D5-A624-4582-888B-886262A96D8C}.Debug|Any CPU.Build.0 = Debug|Any CPU
		{E31395D5-A624-4582-888B-886262A96D8C}.Release|Any CPU.ActiveCfg = Release|Any CPU
		{E31395D5-A624-4582-888B-886262A96D8C}.Release|Any CPU.Build.0 = Release|Any CPU
	EndGlobalSection
	GlobalSection(SolutionProperties) = preSolution
		HideSolutionNode = FALSE
	EndGlobalSection
	GlobalSection(NestedProjects) = preSolution
		{D252BA8D-E4B7-48AE-A972-24F1AD4A8740} = {DA75FEF0-C431-4EFD-91E5-A605BDC1DC66}
		{85CDFF41-8EDD-4245-A904-00ABEC7CE46E} = {DA75FEF0-C431-4EFD-91E5-A605BDC1DC66}
		{4202B093-058E-49A0-B4FC-2B87858601EB} = {50115EF1-2DA0-4992-BD3A-EC1B216D1FD7}
		{C5F896A8-5171-459A-8940-77708F97F167} = {20482267-046E-4C73-92EE-90FD661AB3EC}
		{D3323A25-46B9-434F-8868-517BE9726B24} = {8C479DA2-EEEB-45F4-AF56-B4038FA81AFA}
		{9A2374B9-443C-4B19-BC82-ED611BFCDD9E} = {20482267-046E-4C73-92EE-90FD661AB3EC}
		{E31395D5-A624-4582-888B-886262A96D8C} = {20482267-046E-4C73-92EE-90FD661AB3EC}
	EndGlobalSection
	GlobalSection(Performance) = preSolution
		HasPerformanceSessions = true
	EndGlobalSection
EndGlobal
